# THIS IS AN AUTOGENERATED FILE. DO NOT EDIT THIS FILE DIRECTLY.
# yarn lockfile v1


"@types/uuid@8.3.4":
  version "8.3.4"
  resolved "https://registry.yarnpkg.com/@types/uuid/-/uuid-8.3.4.tgz#bd86a43617df0594787d38b735f55c805becf1bc"
  integrity sha512-c/I8ZRb51j+pYGAu5CrFMRxqZ2ke4y2grEBO5AUjgSkSk+qT2Ea+OdWElz/OiMf5MNpn2b17kuVBwZLQJXzihw==

"@types/uuidv4@^5.0.0":
  version "5.0.0"
  resolved "https://registry.yarnpkg.com/@types/uuidv4/-/uuidv4-5.0.0.tgz#2c94e67b0c06d5adb28fb7ced1a1b5f0866ecd50"
  integrity sha512-xUrhYSJnkTq9CP79cU3svoKTLPCIbMMnu9Twf/tMpHATYSHCAAeDNeb2a/29YORhk5p4atHhCTMsIBU/tvdh6A==
  dependencies:
    uuidv4 "*"

uuid@8.3.2:
  version "8.3.2"
  resolved "https://registry.yarnpkg.com/uuid/-/uuid-8.3.2.tgz#80d5b5ced271bb9af6c445f21a1a04c606cefbe2"
  integrity sha512-+NYs2QeMWy+GWFOEm9xnn6HCDp0l7QBD7ml8zLUmJ+93Q5NF0NocErnwkTkXVFNiX3/fpC6afS8Dhb/gz7R7eg==

uuidv4@*, uuidv4@^6.2.13:
  version "6.2.13"
  resolved "https://registry.yarnpkg.com/uuidv4/-/uuidv4-6.2.13.tgz#8f95ec5ef22d1f92c8e5d4c70b735d1c89572cb7"
  integrity sha512-AXyzMjazYB3ovL3q051VLH06Ixj//Knx7QnUSi1T//Ie3io6CpsPu9nVMOx5MoLWh6xV0B9J0hIaxungxXUbPQ==
  dependencies:
    "@types/uuid" "8.3.4"
    uuid "8.3.2"

zod@^3.19.1:
  version "3.19.1"
  resolved "https://registry.yarnpkg.com/zod/-/zod-3.19.1.tgz#112f074a97b50bfc4772d4ad1576814bd8ac4473"
  integrity sha512-LYjZsEDhCdYET9ikFu6dVPGp2YH9DegXjdJToSzD9rO6fy4qiRYFoyEYwps88OseJlPyl2NOe2iJuhEhL7IpEA==
